
Microsoft Visual Studio Solution File, Format Version 12.00
# Visual Studio Version 17
VisualStudioVersion = 17.6.33815.320
MinimumVisualStudioVersion = 10.0.40219.1
Project("{FAE04EC0-301F-11D3-BF4B-00C04F79EFBC}") = "VoicePlayerApp", "VoicePlayerApp\VoicePlayerApp.csproj", "{DEDDF74E-E5EB-4843-AEA3-FA5D0B434014}"
EndProject
Global
	GlobalSection(SolutionConfigurationPlatforms) = preSolution
		Debug|Any CPU = Debug|Any CPU
		Release|Any CPU = Release|Any CPU
	EndGlobalSection
	GlobalSection(ProjectConfigurationPlatforms) = postSolution
		{DEDDF74E-E5EB-4843-AEA3-FA5D0B434014}.Debug|Any CPU.ActiveCfg = Debug|Any CPU
		{DEDDF74E-E5EB-4843-AEA3-FA5D0B434014}.Debug|Any CPU.Build.0 = Debug|Any CPU
		{DEDDF74E-E5EB-4843-AEA3-FA5D0B434014}.Release|Any CPU.ActiveCfg = Release|Any CPU
		{DEDDF74E-E5EB-4843-AEA3-FA5D0B434014}.Release|Any CPU.Build.0 = Release|Any CPU
	EndGlobalSection
	GlobalSection(SolutionProperties) = preSolution
		HideSolutionNode = FALSE
	EndGlobalSection
	GlobalSection(ExtensibilityGlobals) = postSolution
		SolutionGuid = {91CA8156-B238-4959-AF4A-D0A269B6A645}
	EndGlobalSection
EndGlobal
